<?xml version="1.0" encoding="UTF-8" standalone="yes" ?>
<CodeBlocks_project_file>
	<FileVersion major="1" minor="6" />
	<Project>
		<Option title="hashAndString" />
		<Option pch_mode="2" />
		<Option compiler="gcc" />
		<Build>
			<Target title="Debug">
				<Option output="bin/Debug/hashAndString" prefix_auto="1" extension_auto="1" />
				<Option object_output="obj/Debug/" />
				<Option type="1" />
				<Option compiler="gcc" />
				<Compiler>
					<Add option="-g" />
				</Compiler>
			</Target>
			<Target title="Release">
				<Option output="bin/Release/hashAndString" prefix_auto="1" extension_auto="1" />
				<Option object_output="obj/Release/" />
				<Option type="1" />
				<Option compiler="gcc" />
				<Compiler>
					<Add option="-O2" />
				</Compiler>
				<Linker>
					<Add option="-s" />
				</Linker>
			</Target>
		</Build>
		<Compiler>
			<Add option="-Wall" />
			<Add option="-fexceptions" />
		</Compiler>
		<Unit filename="000hash.cpp">
			<Option compile="0" />
			<Option link="0" />
		</Unit>
		<Unit filename="001hashSort.cpp">
			<Option compile="0" />
			<Option link="0" />
		</Unit>
		<Unit filename="002hashConfict.cpp">
			<Option compile="0" />
			<Option link="0" />
		</Unit>
		<Unit filename="003hashListNode.cpp">
			<Option compile="0" />
			<Option link="0" />
		</Unit>
		<Unit filename="004hash_MapAndSTL_Map.cpp">
			<Option compile="0" />
			<Option link="0" />
		</Unit>
		<Unit filename="01longestPalindrome.cpp">
			<Option compile="0" />
			<Option link="0" />
		</Unit>
		<Unit filename="02wordPattern.cpp">
			<Option compile="0" />
			<Option link="0" />
		</Unit>
		<Unit filename="03groupAnagrams.cpp">
			<Option compile="0" />
			<Option link="0" />
		</Unit>
		<Unit filename="04lengthOflongestSubstring.cpp">
			<Option compile="0" />
			<Option link="0" />
		</Unit>
		<Unit filename="05findRepeateDnaSequence.cpp">
			<Option compile="0" />
			<Option link="0" />
		</Unit>
		<Unit filename="06minWindow.cpp" />
		<Extensions>
			<code_completion />
			<envvars />
			<debugger />
		</Extensions>
	</Project>
</CodeBlocks_project_file>
